// !$*UTF8*$!
{
	archiveVersion = 1;
	classes = {
	};
	objectVersion = 50;
	objects = {

/* Begin PBXBuildFile section */
		A62AD2A125377760003E9FD4 /* UserScore.swift in Sources */ = {isa = PBXBuildFile; fileRef = A62AD2A025377760003E9FD4 /* UserScore.swift */; };
		ABDC45CD2537702100179354 /* AppDelegate.swift in Sources */ = {isa = PBXBuildFile; fileRef = ABDC45CC2537702100179354 /* AppDelegate.swift */; };
		ABDC45CF2537702100179354 /* SceneDelegate.swift in Sources */ = {isa = PBXBuildFile; fileRef = ABDC45CE2537702100179354 /* SceneDelegate.swift */; };
		ABDC45D42537702100179354 /* Main.storyboard in Resources */ = {isa = PBXBuildFile; fileRef = ABDC45D22537702100179354 /* Main.storyboard */; };
		ABDC45D62537703000179354 /* Assets.xcassets in Resources */ = {isa = PBXBuildFile; fileRef = ABDC45D52537703000179354 /* Assets.xcassets */; };
		ABDC45D92537703000179354 /* LaunchScreen.storyboard in Resources */ = {isa = PBXBuildFile; fileRef = ABDC45D72537703000179354 /* LaunchScreen.storyboard */; };
		B6569B46253778C500DE2CA2 /* UserScoreController.swift in Sources */ = {isa = PBXBuildFile; fileRef = B6569B45253778C500DE2CA2 /* UserScoreController.swift */; };
		B6569B4A253779A600DE2CA2 /* MainScreenViewController.swift in Sources */ = {isa = PBXBuildFile; fileRef = B6569B49253779A600DE2CA2 /* MainScreenViewController.swift */; };
		B6569B4D25377AA700DE2CA2 /* GamePlayViewController.swift in Sources */ = {isa = PBXBuildFile; fileRef = B6569B4C25377AA700DE2CA2 /* GamePlayViewController.swift */; };
		B6569B5025377B6000DE2CA2 /* HighScoreViewController.swift in Sources */ = {isa = PBXBuildFile; fileRef = B6569B4F25377B6000DE2CA2 /* HighScoreViewController.swift */; };
		B6569B5325377BCA00DE2CA2 /* PostGameViewController.swift in Sources */ = {isa = PBXBuildFile; fileRef = B6569B5225377BCA00DE2CA2 /* PostGameViewController.swift */; };
/* End PBXBuildFile section */

/* Begin PBXFileReference section */
		A62AD2A025377760003E9FD4 /* UserScore.swift */ = {isa = PBXFileReference; lastKnownFileType = sourcecode.swift; path = UserScore.swift; sourceTree = "<group>"; };
		ABDC45C92537702100179354 /* ColorMatch.app */ = {isa = PBXFileReference; explicitFileType = wrapper.application; includeInIndex = 0; path = ColorMatch.app; sourceTree = BUILT_PRODUCTS_DIR; };
		ABDC45CC2537702100179354 /* AppDelegate.swift */ = {isa = PBXFileReference; lastKnownFileType = sourcecode.swift; path = AppDelegate.swift; sourceTree = "<group>"; };
		ABDC45CE2537702100179354 /* SceneDelegate.swift */ = {isa = PBXFileReference; lastKnownFileType = sourcecode.swift; path = SceneDelegate.swift; sourceTree = "<group>"; };
		ABDC45D32537702100179354 /* Base */ = {isa = PBXFileReference; lastKnownFileType = file.storyboard; name = Base; path = Base.lproj/Main.storyboard; sourceTree = "<group>"; };
		ABDC45D52537703000179354 /* Assets.xcassets */ = {isa = PBXFileReference; lastKnownFileType = folder.assetcatalog; path = Assets.xcassets; sourceTree = "<group>"; };
		ABDC45D82537703000179354 /* Base */ = {isa = PBXFileReference; lastKnownFileType = file.storyboard; name = Base; path = Base.lproj/LaunchScreen.storyboard; sourceTree = "<group>"; };
		ABDC45DA2537703000179354 /* Info.plist */ = {isa = PBXFileReference; lastKnownFileType = text.plist.xml; path = Info.plist; sourceTree = "<group>"; };
		B6569B45253778C500DE2CA2 /* UserScoreController.swift */ = {isa = PBXFileReference; lastKnownFileType = sourcecode.swift; path = UserScoreController.swift; sourceTree = "<group>"; };
		B6569B49253779A600DE2CA2 /* MainScreenViewController.swift */ = {isa = PBXFileReference; lastKnownFileType = sourcecode.swift; path = MainScreenViewController.swift; sourceTree = "<group>"; };
		B6569B4C25377AA700DE2CA2 /* GamePlayViewController.swift */ = {isa = PBXFileReference; lastKnownFileType = sourcecode.swift; path = GamePlayViewController.swift; sourceTree = "<group>"; };
		B6569B4F25377B6000DE2CA2 /* HighScoreViewController.swift */ = {isa = PBXFileReference; lastKnownFileType = sourcecode.swift; path = HighScoreViewController.swift; sourceTree = "<group>"; };
		B6569B5225377BCA00DE2CA2 /* PostGameViewController.swift */ = {isa = PBXFileReference; lastKnownFileType = sourcecode.swift; path = PostGameViewController.swift; sourceTree = "<group>"; };
/* End PBXFileReference section */

/* Begin PBXFrameworksBuildPhase section */
		ABDC45C62537702100179354 /* Frameworks */ = {
			isa = PBXFrameworksBuildPhase;
			buildActionMask = 2147483647;
			files = (
			);
			runOnlyForDeploymentPostprocessing = 0;
		};
/* End PBXFrameworksBuildPhase section */

/* Begin PBXGroup section */
		A62AD29C25377190003E9FD4 /* Resources */ = {
			isa = PBXGroup;
			children = (
				ABDC45CC2537702100179354 /* AppDelegate.swift */,
				ABDC45CE2537702100179354 /* SceneDelegate.swift */,
				ABDC45D52537703000179354 /* Assets.xcassets */,
				ABDC45D72537703000179354 /* LaunchScreen.storyboard */,
				ABDC45DA2537703000179354 /* Info.plist */,
			);
			path = Resources;
			sourceTree = "<group>";
		};
		A62AD29F25377743003E9FD4 /* Model */ = {
			isa = PBXGroup;
			children = (
				A62AD2A025377760003E9FD4 /* UserScore.swift */,
			);
			path = Model;
			sourceTree = "<group>";
		};
		ABDC45C02537702000179354 = {
			isa = PBXGroup;
			children = (
				ABDC45CB2537702100179354 /* ColorMatch */,
				ABDC45CA2537702100179354 /* Products */,
			);
			sourceTree = "<group>";
		};
		ABDC45CA2537702100179354 /* Products */ = {
			isa = PBXGroup;
			children = (
				ABDC45C92537702100179354 /* ColorMatch.app */,
			);
			name = Products;
			sourceTree = "<group>";
		};
		ABDC45CB2537702100179354 /* ColorMatch */ = {
			isa = PBXGroup;
			children = (
				B6569B42253777FF00DE2CA2 /* Controllers */,
				A62AD29F25377743003E9FD4 /* Model */,
				A62AD29C25377190003E9FD4 /* Resources */,
				ABDC45D22537702100179354 /* Main.storyboard */,
			);
			path = ColorMatch;
			sourceTree = "<group>";
		};
		B6569B42253777FF00DE2CA2 /* Controllers */ = {
			isa = PBXGroup;
			children = (
				B6569B432537780F00DE2CA2 /* ModelControllers */,
				B6569B442537781E00DE2CA2 /* ViewControllers */,
			);
			path = Controllers;
			sourceTree = "<group>";
		};
		B6569B432537780F00DE2CA2 /* ModelControllers */ = {
			isa = PBXGroup;
			children = (
				B6569B45253778C500DE2CA2 /* UserScoreController.swift */,
			);
			path = ModelControllers;
			sourceTree = "<group>";
		};
		B6569B442537781E00DE2CA2 /* ViewControllers */ = {
			isa = PBXGroup;
			children = (
				B6569B49253779A600DE2CA2 /* MainScreenViewController.swift */,
				B6569B4C25377AA700DE2CA2 /* GamePlayViewController.swift */,
				B6569B4F25377B6000DE2CA2 /* HighScoreViewController.swift */,
				B6569B5225377BCA00DE2CA2 /* PostGameViewController.swift */,
			);
			path = ViewControllers;
			sourceTree = "<group>";
		};
/* End PBXGroup section */

/* Begin PBXNativeTarget section */
		ABDC45C82537702100179354 /* ColorMatch */ = {
			isa = PBXNativeTarget;
			buildConfigurationList = ABDC45DD2537703000179354 /* Build configuration list for PBXNativeTarget "ColorMatch" */;
			buildPhases = (
				ABDC45C52537702100179354 /* Sources */,
				ABDC45C62537702100179354 /* Frameworks */,
				ABDC45C72537702100179354 /* Resources */,
			);
			buildRules = (
			);
			dependencies = (
			);
			name = ColorMatch;
			productName = ColorMatch;
			productReference = ABDC45C92537702100179354 /* ColorMatch.app */;
			productType = "com.apple.product-type.application";
		};
/* End PBXNativeTarget section */

/* Begin PBXProject section */
		ABDC45C12537702000179354 /* Project object */ = {
			isa = PBXProject;
			attributes = {
				LastSwiftUpdateCheck = 1200;
				LastUpgradeCheck = 1200;
				TargetAttributes = {
					ABDC45C82537702100179354 = {
						CreatedOnToolsVersion = 12.0;
					};
				};
			};
			buildConfigurationList = ABDC45C42537702100179354 /* Build configuration list for PBXProject "ColorMatch" */;
			compatibilityVersion = "Xcode 9.3";
			developmentRegion = en;
			hasScannedForEncodings = 0;
			knownRegions = (
				en,
				Base,
			);
			mainGroup = ABDC45C02537702000179354;
			productRefGroup = ABDC45CA2537702100179354 /* Products */;
			projectDirPath = "";
			projectRoot = "";
			targets = (
				ABDC45C82537702100179354 /* ColorMatch */,
			);
		};
/* End PBXProject section */

/* Begin PBXResourcesBuildPhase section */
		ABDC45C72537702100179354 /* Resources */ = {
			isa = PBXResourcesBuildPhase;
			buildActionMask = 2147483647;
			files = (
				ABDC45D92537703000179354 /* LaunchScreen.storyboard in Resources */,
				ABDC45D62537703000179354 /* Assets.xcassets in Resources */,
				ABDC45D42537702100179354 /* Main.storyboard in Resources */,
			);
			runOnlyForDeploymentPostprocessing = 0;
		};
/* End PBXResourcesBuildPhase section */

/* Begin PBXSourcesBuildPhase section */
		ABDC45C52537702100179354 /* Sources */ = {
			isa = PBXSourcesBuildPhase;
			buildActionMask = 2147483647;
			files = (
				B6569B46253778C500DE2CA2 /* UserScoreController.swift in Sources */,
				B6569B5325377BCA00DE2CA2 /* PostGameViewController.swift in Sources */,
				B6569B4D25377AA700DE2CA2 /* GamePlayViewController.swift in Sources */,
				B6569B4A253779A600DE2CA2 /* MainScreenViewController.swift in Sources */,
				ABDC45CD2537702100179354 /* AppDelegate.swift in Sources */,
				A62AD2A125377760003E9FD4 /* UserScore.swift in Sources */,
				ABDC45CF2537702100179354 /* SceneDelegate.swift in Sources */,
				B6569B5025377B6000DE2CA2 /* HighScoreViewController.swift in Sources */,
			);
			runOnlyForDeploymentPostprocessing = 0;
		};
/* End PBXSourcesBuildPhase section */

/* Begin PBXVariantGroup section */
		ABDC45D22537702100179354 /* Main.storyboard */ = {
			isa = PBXVariantGroup;
			children = (
				ABDC45D32537702100179354 /* Base */,
			);
			name = Main.storyboard;
			sourceTree = "<group>";
		};
		ABDC45D72537703000179354 /* LaunchScreen.storyboard */ = {
			isa = PBXVariantGroup;
			children = (
				ABDC45D82537703000179354 /* Base */,
			);
			name = LaunchScreen.storyboard;
			sourceTree = "<group>";
		};
/* End PBXVariantGroup section */

/* Begin XCBuildConfiguration section */
		ABDC45DB2537703000179354 /* Debug */ = {
			isa = XCBuildConfiguration;
			buildSettings = {
				ALWAYS_SEARCH_USER_PATHS = NO;
				CLANG_ANALYZER_NONNULL = YES;
				CLANG_ANALYZER_NUMBER_OBJECT_CONVERSION = YES_AGGRESSIVE;
				CLANG_CXX_LANGUAGE_STANDARD = "gnu++14";
				CLANG_CXX_LIBRARY = "libc++";
				CLANG_ENABLE_MODULES = YES;
				CLANG_ENABLE_OBJC_ARC = YES;
				CLANG_ENABLE_OBJC_WEAK = YES;
				CLANG_WARN_BLOCK_CAPTURE_AUTORELEASING = YES;
				CLANG_WARN_BOOL_CONVERSION = YES;
				CLANG_WARN_COMMA = YES;
				CLANG_WARN_CONSTANT_CONVERSION = YES;
				CLANG_WARN_DEPRECATED_OBJC_IMPLEMENTATIONS = YES;
				CLANG_WARN_DIRECT_OBJC_ISA_USAGE = YES_ERROR;
				CLANG_WARN_DOCUMENTATION_COMMENTS = YES;
				CLANG_WARN_EMPTY_BODY = YES;
				CLANG_WARN_ENUM_CONVERSION = YES;
				CLANG_WARN_INFINITE_RECURSION = YES;
				CLANG_WARN_INT_CONVERSION = YES;
				CLANG_WARN_NON_LITERAL_NULL_CONVERSION = YES;
				CLANG_WARN_OBJC_IMPLICIT_RETAIN_SELF = YES;
				CLANG_WARN_OBJC_LITERAL_CONVERSION = YES;
				CLANG_WARN_OBJC_ROOT_CLASS = YES_ERROR;
				CLANG_WARN_QUOTED_INCLUDE_IN_FRAMEWORK_HEADER = YES;
				CLANG_WARN_RANGE_LOOP_ANALYSIS = YES;
				CLANG_WARN_STRICT_PROTOTYPES = YES;
				CLANG_WARN_SUSPICIOUS_MOVE = YES;
				CLANG_WARN_UNGUARDED_AVAILABILITY = YES_AGGRESSIVE;
				CLANG_WARN_UNREACHABLE_CODE = YES;
				CLANG_WARN__DUPLICATE_METHOD_MATCH = YES;
				COPY_PHASE_STRIP = NO;
				DEBUG_INFORMATION_FORMAT = dwarf;
				ENABLE_STRICT_OBJC_MSGSEND = YES;
				ENABLE_TESTABILITY = YES;
				GCC_C_LANGUAGE_STANDARD = gnu11;
				GCC_DYNAMIC_NO_PIC = NO;
				GCC_NO_COMMON_BLOCKS = YES;
				GCC_OPTIMIZATION_LEVEL = 0;
				GCC_PREPROCESSOR_DEFINITIONS = (
					"DEBUG=1",
					"$(inherited)",
				);
				GCC_WARN_64_TO_32_BIT_CONVERSION = YES;
				GCC_WARN_ABOUT_RETURN_TYPE = YES_ERROR;
				GCC_WARN_UNDECLARED_SELECTOR = YES;
				GCC_WARN_UNINITIALIZED_AUTOS = YES_AGGRESSIVE;
				GCC_WARN_UNUSED_FUNCTION = YES;
				GCC_WARN_UNUSED_VARIABLE = YES;
				IPHONEOS_DEPLOYMENT_TARGET = 14.0;
				MTL_ENABLE_DEBUG_INFO = INCLUDE_SOURCE;
				MTL_FAST_MATH = YES;
				ONLY_ACTIVE_ARCH = YES;
				SDKROOT = iphoneos;
				SWIFT_ACTIVE_COMPILATION_CONDITIONS = DEBUG;
				SWIFT_OPTIMIZATION_LEVEL = "-Onone";
			};
			name = Debug;
		};
		ABDC45DC2537703000179354 /* Release */ = {
			isa = XCBuildConfiguration;
			buildSettings = {
				ALWAYS_SEARCH_USER_PATHS = NO;
				CLANG_ANALYZER_NONNULL = YES;
				CLANG_ANALYZER_NUMBER_OBJECT_CONVERSION = YES_AGGRESSIVE;
				CLANG_CXX_LANGUAGE_STANDARD = "gnu++14";
				CLANG_CXX_LIBRARY = "libc++";
				CLANG_ENABLE_MODULES = YES;
				CLANG_ENABLE_OBJC_ARC = YES;
				CLANG_ENABLE_OBJC_WEAK = YES;
				CLANG_WARN_BLOCK_CAPTURE_AUTORELEASING = YES;
				CLANG_WARN_BOOL_CONVERSION = YES;
				CLANG_WARN_COMMA = YES;
				CLANG_WARN_CONSTANT_CONVERSION = YES;
				CLANG_WARN_DEPRECATED_OBJC_IMPLEMENTATIONS = YES;
				CLANG_WARN_DIRECT_OBJC_ISA_USAGE = YES_ERROR;
				CLANG_WARN_DOCUMENTATION_COMMENTS = YES;
				CLANG_WARN_EMPTY_BODY = YES;
				CLANG_WARN_ENUM_CONVERSION = YES;
				CLANG_WARN_INFINITE_RECURSION = YES;
				CLANG_WARN_INT_CONVERSION = YES;
				CLANG_WARN_NON_LITERAL_NULL_CONVERSION = YES;
				CLANG_WARN_OBJC_IMPLICIT_RETAIN_SELF = YES;
				CLANG_WARN_OBJC_LITERAL_CONVERSION = YES;
				CLANG_WARN_OBJC_ROOT_CLASS = YES_ERROR;
				CLANG_WARN_QUOTED_INCLUDE_IN_FRAMEWORK_HEADER = YES;
				CLANG_WARN_RANGE_LOOP_ANALYSIS = YES;
				CLANG_WARN_STRICT_PROTOTYPES = YES;
				CLANG_WARN_SUSPICIOUS_MOVE = YES;
				CLANG_WARN_UNGUARDED_AVAILABILITY = YES_AGGRESSIVE;
				CLANG_WARN_UNREACHABLE_CODE = YES;
				CLANG_WARN__DUPLICATE_METHOD_MATCH = YES;
				COPY_PHASE_STRIP = NO;
				DEBUG_INFORMATION_FORMAT = "dwarf-with-dsym";
				ENABLE_NS_ASSERTIONS = NO;
				ENABLE_STRICT_OBJC_MSGSEND = YES;
				GCC_C_LANGUAGE_STANDARD = gnu11;
				GCC_NO_COMMON_BLOCKS = YES;
				GCC_WARN_64_TO_32_BIT_CONVERSION = YES;
				GCC_WARN_ABOUT_RETURN_TYPE = YES_ERROR;
				GCC_WARN_UNDECLARED_SELECTOR = YES;
				GCC_WARN_UNINITIALIZED_AUTOS = YES_AGGRESSIVE;
				GCC_WARN_UNUSED_FUNCTION = YES;
				GCC_WARN_UNUSED_VARIABLE = YES;
				IPHONEOS_DEPLOYMENT_TARGET = 14.0;
				MTL_ENABLE_DEBUG_INFO = NO;
				MTL_FAST_MATH = YES;
				SDKROOT = iphoneos;
				SWIFT_COMPILATION_MODE = wholemodule;
				SWIFT_OPTIMIZATION_LEVEL = "-O";
				VALIDATE_PRODUCT = YES;
			};
			name = Release;
		};
		ABDC45DE2537703000179354 /* Debug */ = {
			isa = XCBuildConfiguration;
			buildSettings = {
				ASSETCATALOG_COMPILER_APPICON_NAME = AppIcon;
				ASSETCATALOG_COMPILER_GLOBAL_ACCENT_COLOR_NAME = AccentColor;
				CODE_SIGN_STYLE = Automatic;
				DEVELOPMENT_TEAM = 27P7HR5369;
				INFOPLIST_FILE = ColorMatch/Resources/Info.plist;
				LD_RUNPATH_SEARCH_PATHS = (
					"$(inherited)",
					"@executable_path/Frameworks",
				);
				PRODUCT_BUNDLE_IDENTIFIER = com.TrevorBursach.ColorMatch;
				PRODUCT_NAME = "$(TARGET_NAME)";
				SWIFT_VERSION = 5.0;
				TARGETED_DEVICE_FAMILY = "1,2";
			};
			name = Debug;
		};
		ABDC45DF2537703000179354 /* Release */ = {
			isa = XCBuildConfiguration;
			buildSettings = {
				ASSETCATALOG_COMPILER_APPICON_NAME = AppIcon;
				ASSETCATALOG_COMPILER_GLOBAL_ACCENT_COLOR_NAME = AccentColor;
				CODE_SIGN_STYLE = Automatic;
				DEVELOPMENT_TEAM = 27P7HR5369;
				INFOPLIST_FILE = ColorMatch/Resources/Info.plist;
				LD_RUNPATH_SEARCH_PATHS = (
					"$(inherited)",
					"@executable_path/Frameworks",
				);
				PRODUCT_BUNDLE_IDENTIFIER = com.TrevorBursach.ColorMatch;
				PRODUCT_NAME = "$(TARGET_NAME)";
				SWIFT_VERSION = 5.0;
				TARGETED_DEVICE_FAMILY = "1,2";
			};
			name = Release;
		};
/* End XCBuildConfiguration section */

/* Begin XCConfigurationList section */
		ABDC45C42537702100179354 /* Build configuration list for PBXProject "ColorMatch" */ = {
			isa = XCConfigurationList;
			buildConfigurations = (
				ABDC45DB2537703000179354 /* Debug */,
				ABDC45DC2537703000179354 /* Release */,
			);
			defaultConfigurationIsVisible = 0;
			defaultConfigurationName = Release;
		};
		ABDC45DD2537703000179354 /* Build configuration list for PBXNativeTarget "ColorMatch" */ = {
			isa = XCConfigurationList;
			buildConfigurations = (
				ABDC45DE2537703000179354 /* Debug */,
				ABDC45DF2537703000179354 /* Release */,
			);
			defaultConfigurationIsVisible = 0;
			defaultConfigurationName = Release;
		};
/* End XCConfigurationList section */
	};
	rootObject = ABDC45C12537702000179354 /* Project object */;
}
